
Microsoft Visual Studio Solution File, Format Version 12.00
# Visual Studio 14
VisualStudioVersion = 14.0.25420.1
MinimumVisualStudioVersion = 10.0.40219.1
Project("{FAE04EC0-301F-11D3-BF4B-00C04F79EFBC}") = "CopDataExtractionConsole", "CopDataExtractionConsole.csproj", "{DCD68C8F-5B38-44BA-B7ED-43A41C1EF2BE}"
EndProject
Global
	GlobalSection(SolutionConfigurationPlatforms) = preSolution
		Debug|Any CPU = Debug|Any CPU
		Release|Any CPU = Release|Any CPU
	EndGlobalSection
	GlobalSection(ProjectConfigurationPlatforms) = postSolution
		{DCD68C8F-5B38-44BA-B7ED-43A41C1EF2BE}.Debug|Any CPU.ActiveCfg = Debug|Any CPU
		{DCD68C8F-5B38-44BA-B7ED-43A41C1EF2BE}.Debug|Any CPU.Build.0 = Debug|Any CPU
		{DCD68C8F-5B38-44BA-B7ED-43A41C1EF2BE}.Release|Any CPU.ActiveCfg = Release|Any CPU
		{DCD68C8F-5B38-44BA-B7ED-43A41C1EF2BE}.Release|Any CPU.Build.0 = Release|Any CPU
	EndGlobalSection
	GlobalSection(SolutionProperties) = preSolution
		HideSolutionNode = FALSE
	EndGlobalSection
EndGlobal
